
Microsoft Visual Studio Solution File, Format Version 12.00
# Visual Studio Version 16
VisualStudioVersion = 16.0.30225.117
MinimumVisualStudioVersion = 10.0.40219.1
Project("{9092AA53-FB77-4645-B42D-1CCCA6BD08BD}") = "Hackaton", "Hackaton\Hackaton.njsproj", "{FC7DC1A7-6EDF-4BB3-B0EA-89C61EC229FD}"
EndProject
Global
	GlobalSection(SolutionConfigurationPlatforms) = preSolution
		Debug|Any CPU = Debug|Any CPU
		Release|Any CPU = Release|Any CPU
	EndGlobalSection
	GlobalSection(ProjectConfigurationPlatforms) = postSolution
		{FC7DC1A7-6EDF-4BB3-B0EA-89C61EC229FD}.Debug|Any CPU.ActiveCfg = Debug|Any CPU
		{FC7DC1A7-6EDF-4BB3-B0EA-89C61EC229FD}.Debug|Any CPU.Build.0 = Debug|Any CPU
		{FC7DC1A7-6EDF-4BB3-B0EA-89C61EC229FD}.Release|Any CPU.ActiveCfg = Release|Any CPU
		{FC7DC1A7-6EDF-4BB3-B0EA-89C61EC229FD}.Release|Any CPU.Build.0 = Release|Any CPU
	EndGlobalSection
	GlobalSection(SolutionProperties) = preSolution
		HideSolutionNode = FALSE
	EndGlobalSection
	GlobalSection(ExtensibilityGlobals) = postSolution
		SolutionGuid = {566B8258-66AC-4699-BD21-83AC3213EAAE}
	EndGlobalSection
EndGlobal
